// !$*UTF8*$!
{
	archiveVersion = 1;
	classes = {
	};
	objectVersion = 46;
	objects = {

/* Begin PBXBuildFile section */
		AE8BCCF11D9ED3AE001EA696 /* AppDelegate.swift in Sources */ = {isa = PBXBuildFile; fileRef = AE8BCCF01D9ED3AE001EA696 /* AppDelegate.swift */; };
		AE8BCCF31D9ED3AE001EA696 /* ViewController.swift in Sources */ = {isa = PBXBuildFile; fileRef = AE8BCCF21D9ED3AE001EA696 /* ViewController.swift */; };
		AE8BCCF61D9ED3AE001EA696 /* Main.storyboard in Resources */ = {isa = PBXBuildFile; fileRef = AE8BCCF41D9ED3AE001EA696 /* Main.storyboard */; };
		AE8BCCF81D9ED3AE001EA696 /* Assets.xcassets in Resources */ = {isa = PBXBuildFile; fileRef = AE8BCCF71D9ED3AE001EA696 /* Assets.xcassets */; };
		AE8BCCFB1D9ED3AE001EA696 /* LaunchScreen.storyboard in Resources */ = {isa = PBXBuildFile; fileRef = AE8BCCF91D9ED3AE001EA696 /* LaunchScreen.storyboard */; };
		AE8BCD061D9ED3AE001EA696 /* UnitTestTests.swift in Sources */ = {isa = PBXBuildFile; fileRef = AE8BCD051D9ED3AE001EA696 /* UnitTestTests.swift */; };
		AEE1B9541D9EE3AA00EE2FCC /* UnitTestUITests.swift in Sources */ = {isa = PBXBuildFile; fileRef = AEE1B9531D9EE3AA00EE2FCC /* UnitTestUITests.swift */; };
		AEE1B95C1D9EE3C300EE2FCC /* OtherViewController.swift in Sources */ = {isa = PBXBuildFile; fileRef = AEE1B95B1D9EE3C300EE2FCC /* OtherViewController.swift */; };
/* End PBXBuildFile section */

/* Begin PBXContainerItemProxy section */
		AE8BCD021D9ED3AE001EA696 /* PBXContainerItemProxy */ = {
			isa = PBXContainerItemProxy;
			containerPortal = AE8BCCE51D9ED3AE001EA696 /* Project object */;
			proxyType = 1;
			remoteGlobalIDString = AE8BCCEC1D9ED3AE001EA696;
			remoteInfo = UnitTest;
		};
		AEE1B9561D9EE3AA00EE2FCC /* PBXContainerItemProxy */ = {
			isa = PBXContainerItemProxy;
			containerPortal = AE8BCCE51D9ED3AE001EA696 /* Project object */;
			proxyType = 1;
			remoteGlobalIDString = AE8BCCEC1D9ED3AE001EA696;
			remoteInfo = UnitTest;
		};
/* End PBXContainerItemProxy section */

/* Begin PBXFileReference section */
		AE8BCCED1D9ED3AE001EA696 /* UnitTest.app */ = {isa = PBXFileReference; explicitFileType = wrapper.application; includeInIndex = 0; path = UnitTest.app; sourceTree = BUILT_PRODUCTS_DIR; };
		AE8BCCF01D9ED3AE001EA696 /* AppDelegate.swift */ = {isa = PBXFileReference; lastKnownFileType = sourcecode.swift; path = AppDelegate.swift; sourceTree = "<group>"; };
		AE8BCCF21D9ED3AE001EA696 /* ViewController.swift */ = {isa = PBXFileReference; lastKnownFileType = sourcecode.swift; path = ViewController.swift; sourceTree = "<group>"; };
		AE8BCCF51D9ED3AE001EA696 /* Base */ = {isa = PBXFileReference; lastKnownFileType = file.storyboard; name = Base; path = Base.lproj/Main.storyboard; sourceTree = "<group>"; };
		AE8BCCF71D9ED3AE001EA696 /* Assets.xcassets */ = {isa = PBXFileReference; lastKnownFileType = folder.assetcatalog; path = Assets.xcassets; sourceTree = "<group>"; };
		AE8BCCFA1D9ED3AE001EA696 /* Base */ = {isa = PBXFileReference; lastKnownFileType = file.storyboard; name = Base; path = Base.lproj/LaunchScreen.storyboard; sourceTree = "<group>"; };
		AE8BCCFC1D9ED3AE001EA696 /* Info.plist */ = {isa = PBXFileReference; lastKnownFileType = text.plist.xml; path = Info.plist; sourceTree = "<group>"; };
		AE8BCD011D9ED3AE001EA696 /* UnitTestTests.xctest */ = {isa = PBXFileReference; explicitFileType = wrapper.cfbundle; includeInIndex = 0; path = UnitTestTests.xctest; sourceTree = BUILT_PRODUCTS_DIR; };
		AE8BCD051D9ED3AE001EA696 /* UnitTestTests.swift */ = {isa = PBXFileReference; lastKnownFileType = sourcecode.swift; path = UnitTestTests.swift; sourceTree = "<group>"; };
		AE8BCD071D9ED3AE001EA696 /* Info.plist */ = {isa = PBXFileReference; lastKnownFileType = text.plist.xml; path = Info.plist; sourceTree = "<group>"; };
		AEE1B9511D9EE3AA00EE2FCC /* UnitTestUITests.xctest */ = {isa = PBXFileReference; explicitFileType = wrapper.cfbundle; includeInIndex = 0; path = UnitTestUITests.xctest; sourceTree = BUILT_PRODUCTS_DIR; };
		AEE1B9531D9EE3AA00EE2FCC /* UnitTestUITests.swift */ = {isa = PBXFileReference; lastKnownFileType = sourcecode.swift; path = UnitTestUITests.swift; sourceTree = "<group>"; };
		AEE1B9551D9EE3AA00EE2FCC /* Info.plist */ = {isa = PBXFileReference; lastKnownFileType = text.plist.xml; path = Info.plist; sourceTree = "<group>"; };
		AEE1B95B1D9EE3C300EE2FCC /* OtherViewController.swift */ = {isa = PBXFileReference; fileEncoding = 4; lastKnownFileType = sourcecode.swift; path = OtherViewController.swift; sourceTree = "<group>"; };
/* End PBXFileReference section */

/* Begin PBXFrameworksBuildPhase section */
		AE8BCCEA1D9ED3AE001EA696 /* Frameworks */ = {
			isa = PBXFrameworksBuildPhase;
			buildActionMask = 2147483647;
			files = (
			);
			runOnlyForDeploymentPostprocessing = 0;
		};
		AE8BCCFE1D9ED3AE001EA696 /* Frameworks */ = {
			isa = PBXFrameworksBuildPhase;
			buildActionMask = 2147483647;
			files = (
			);
			runOnlyForDeploymentPostprocessing = 0;
		};
		AEE1B94E1D9EE3AA00EE2FCC /* Frameworks */ = {
			isa = PBXFrameworksBuildPhase;
			buildActionMask = 2147483647;
			files = (
			);
			runOnlyForDeploymentPostprocessing = 0;
		};
/* End PBXFrameworksBuildPhase section */

/* Begin PBXGroup section */
		AE8BCCE41D9ED3AE001EA696 = {
			isa = PBXGroup;
			children = (
				AE8BCCEF1D9ED3AE001EA696 /* UnitTest */,
				AE8BCD041D9ED3AE001EA696 /* UnitTestTests */,
				AEE1B9521D9EE3AA00EE2FCC /* UnitTestUITests */,
				AE8BCCEE1D9ED3AE001EA696 /* Products */,
			);
			sourceTree = "<group>";
		};
		AE8BCCEE1D9ED3AE001EA696 /* Products */ = {
			isa = PBXGroup;
			children = (
				AE8BCCED1D9ED3AE001EA696 /* UnitTest.app */,
				AE8BCD011D9ED3AE001EA696 /* UnitTestTests.xctest */,
				AEE1B9511D9EE3AA00EE2FCC /* UnitTestUITests.xctest */,
			);
			name = Products;
			sourceTree = "<group>";
		};
		AE8BCCEF1D9ED3AE001EA696 /* UnitTest */ = {
			isa = PBXGroup;
			children = (
				AE8BCCF21D9ED3AE001EA696 /* ViewController.swift */,
				AE8BCCF01D9ED3AE001EA696 /* AppDelegate.swift */,
				AEE1B95B1D9EE3C300EE2FCC /* OtherViewController.swift */,
				AE8BCCF41D9ED3AE001EA696 /* Main.storyboard */,
				AE8BCCF71D9ED3AE001EA696 /* Assets.xcassets */,
				AE8BCCF91D9ED3AE001EA696 /* LaunchScreen.storyboard */,
				AE8BCCFC1D9ED3AE001EA696 /* Info.plist */,
			);
			path = UnitTest;
			sourceTree = "<group>";
		};
		AE8BCD041D9ED3AE001EA696 /* UnitTestTests */ = {
			isa = PBXGroup;
			children = (
				AE8BCD051D9ED3AE001EA696 /* UnitTestTests.swift */,
				AE8BCD071D9ED3AE001EA696 /* Info.plist */,
			);
			path = UnitTestTests;
			sourceTree = "<group>";
		};
		AEE1B9521D9EE3AA00EE2FCC /* UnitTestUITests */ = {
			isa = PBXGroup;
			children = (
				AEE1B9531D9EE3AA00EE2FCC /* UnitTestUITests.swift */,
				AEE1B9551D9EE3AA00EE2FCC /* Info.plist */,
			);
			path = UnitTestUITests;
			sourceTree = "<group>";
		};
/* End PBXGroup section */

/* Begin PBXNativeTarget section */
		AE8BCCEC1D9ED3AE001EA696 /* UnitTest */ = {
			isa = PBXNativeTarget;
			buildConfigurationList = AE8BCD0A1D9ED3AE001EA696 /* Build configuration list for PBXNativeTarget "UnitTest" */;
			buildPhases = (
				AE8BCCE91D9ED3AE001EA696 /* Sources */,
				AE8BCCEA1D9ED3AE001EA696 /* Frameworks */,
				AE8BCCEB1D9ED3AE001EA696 /* Resources */,
			);
			buildRules = (
			);
			dependencies = (
			);
			name = UnitTest;
			productName = UnitTest;
			productReference = AE8BCCED1D9ED3AE001EA696 /* UnitTest.app */;
			productType = "com.apple.product-type.application";
		};
		AE8BCD001D9ED3AE001EA696 /* UnitTestTests */ = {
			isa = PBXNativeTarget;
			buildConfigurationList = AE8BCD0D1D9ED3AE001EA696 /* Build configuration list for PBXNativeTarget "UnitTestTests" */;
			buildPhases = (
				AE8BCCFD1D9ED3AE001EA696 /* Sources */,
				AE8BCCFE1D9ED3AE001EA696 /* Frameworks */,
				AE8BCCFF1D9ED3AE001EA696 /* Resources */,
			);
			buildRules = (
			);
			dependencies = (
				AE8BCD031D9ED3AE001EA696 /* PBXTargetDependency */,
			);
			name = UnitTestTests;
			productName = UnitTestTests;
			productReference = AE8BCD011D9ED3AE001EA696 /* UnitTestTests.xctest */;
			productType = "com.apple.product-type.bundle.unit-test";
		};
		AEE1B9501D9EE3AA00EE2FCC /* UnitTestUITests */ = {
			isa = PBXNativeTarget;
			buildConfigurationList = AEE1B95A1D9EE3AA00EE2FCC /* Build configuration list for PBXNativeTarget "UnitTestUITests" */;
			buildPhases = (
				AEE1B94D1D9EE3AA00EE2FCC /* Sources */,
				AEE1B94E1D9EE3AA00EE2FCC /* Frameworks */,
				AEE1B94F1D9EE3AA00EE2FCC /* Resources */,
			);
			buildRules = (
			);
			dependencies = (
				AEE1B9571D9EE3AA00EE2FCC /* PBXTargetDependency */,
			);
			name = UnitTestUITests;
			productName = UnitTestUITests;
			productReference = AEE1B9511D9EE3AA00EE2FCC /* UnitTestUITests.xctest */;
			productType = "com.apple.product-type.bundle.ui-testing";
		};
/* End PBXNativeTarget section */

/* Begin PBXProject section */
		AE8BCCE51D9ED3AE001EA696 /* Project object */ = {
			isa = PBXProject;
			attributes = {
				LastSwiftUpdateCheck = 0730;
				LastUpgradeCheck = 0730;
				ORGANIZATIONNAME = Pivotal;
				TargetAttributes = {
					AE8BCCEC1D9ED3AE001EA696 = {
						CreatedOnToolsVersion = 7.3.1;
						DevelopmentTeam = KXTNC683HQ;
						LastSwiftMigration = 0800;
					};
					AE8BCD001D9ED3AE001EA696 = {
						CreatedOnToolsVersion = 7.3.1;
						DevelopmentTeam = KXTNC683HQ;
						LastSwiftMigration = 0800;
						TestTargetID = AE8BCCEC1D9ED3AE001EA696;
					};
					AEE1B9501D9EE3AA00EE2FCC = {
						CreatedOnToolsVersion = 7.3.1;
						DevelopmentTeam = KXTNC683HQ;
						LastSwiftMigration = 0800;
						TestTargetID = AE8BCCEC1D9ED3AE001EA696;
					};
				};
			};
			buildConfigurationList = AE8BCCE81D9ED3AE001EA696 /* Build configuration list for PBXProject "UnitTest" */;
			compatibilityVersion = "Xcode 3.2";
			developmentRegion = English;
			hasScannedForEncodings = 0;
			knownRegions = (
				en,
				Base,
			);
			mainGroup = AE8BCCE41D9ED3AE001EA696;
			productRefGroup = AE8BCCEE1D9ED3AE001EA696 /* Products */;
			projectDirPath = "";
			projectRoot = "";
			targets = (
				AE8BCCEC1D9ED3AE001EA696 /* UnitTest */,
				AE8BCD001D9ED3AE001EA696 /* UnitTestTests */,
				AEE1B9501D9EE3AA00EE2FCC /* UnitTestUITests */,
			);
		};
/* End PBXProject section */

/* Begin PBXResourcesBuildPhase section */
		AE8BCCEB1D9ED3AE001EA696 /* Resources */ = {
			isa = PBXResourcesBuildPhase;
			buildActionMask = 2147483647;
			files = (
				AE8BCCFB1D9ED3AE001EA696 /* LaunchScreen.storyboard in Resources */,
				AE8BCCF81D9ED3AE001EA696 /* Assets.xcassets in Resources */,
				AE8BCCF61D9ED3AE001EA696 /* Main.storyboard in Resources */,
			);
			runOnlyForDeploymentPostprocessing = 0;
		};
		AE8BCCFF1D9ED3AE001EA696 /* Resources */ = {
			isa = PBXResourcesBuildPhase;
			buildActionMask = 2147483647;
			files = (
			);
			runOnlyForDeploymentPostprocessing = 0;
		};
		AEE1B94F1D9EE3AA00EE2FCC /* Resources */ = {
			isa = PBXResourcesBuildPhase;
			buildActionMask = 2147483647;
			files = (
			);
			runOnlyForDeploymentPostprocessing = 0;
		};
/* End PBXResourcesBuildPhase section */

/* Begin PBXSourcesBuildPhase section */
		AE8BCCE91D9ED3AE001EA696 /* Sources */ = {
			isa = PBXSourcesBuildPhase;
			buildActionMask = 2147483647;
			files = (
				AE8BCCF31D9ED3AE001EA696 /* ViewController.swift in Sources */,
				AEE1B95C1D9EE3C300EE2FCC /* OtherViewController.swift in Sources */,
				AE8BCCF11D9ED3AE001EA696 /* AppDelegate.swift in Sources */,
			);
			runOnlyForDeploymentPostprocessing = 0;
		};
		AE8BCCFD1D9ED3AE001EA696 /* Sources */ = {
			isa = PBXSourcesBuildPhase;
			buildActionMask = 2147483647;
			files = (
				AE8BCD061D9ED3AE001EA696 /* UnitTestTests.swift in Sources */,
			);
			runOnlyForDeploymentPostprocessing = 0;
		};
		AEE1B94D1D9EE3AA00EE2FCC /* Sources */ = {
			isa = PBXSourcesBuildPhase;
			buildActionMask = 2147483647;
			files = (
				AEE1B9541D9EE3AA00EE2FCC /* UnitTestUITests.swift in Sources */,
			);
			runOnlyForDeploymentPostprocessing = 0;
		};
/* End PBXSourcesBuildPhase section */

/* Begin PBXTargetDependency section */
		AE8BCD031D9ED3AE001EA696 /* PBXTargetDependency */ = {
			isa = PBXTargetDependency;
			target = AE8BCCEC1D9ED3AE001EA696 /* UnitTest */;
			targetProxy = AE8BCD021D9ED3AE001EA696 /* PBXContainerItemProxy */;
		};
		AEE1B9571D9EE3AA00EE2FCC /* PBXTargetDependency */ = {
			isa = PBXTargetDependency;
			target = AE8BCCEC1D9ED3AE001EA696 /* UnitTest */;
			targetProxy = AEE1B9561D9EE3AA00EE2FCC /* PBXContainerItemProxy */;
		};
/* End PBXTargetDependency section */

/* Begin PBXVariantGroup section */
		AE8BCCF41D9ED3AE001EA696 /* Main.storyboard */ = {
			isa = PBXVariantGroup;
			children = (
				AE8BCCF51D9ED3AE001EA696 /* Base */,
			);
			name = Main.storyboard;
			sourceTree = "<group>";
		};
		AE8BCCF91D9ED3AE001EA696 /* LaunchScreen.storyboard */ = {
			isa = PBXVariantGroup;
			children = (
				AE8BCCFA1D9ED3AE001EA696 /* Base */,
			);
			name = LaunchScreen.storyboard;
			sourceTree = "<group>";
		};
/* End PBXVariantGroup section */

/* Begin XCBuildConfiguration section */
		AE8BCD081D9ED3AE001EA696 /* Debug */ = {
			isa = XCBuildConfiguration;
			buildSettings = {
				ALWAYS_SEARCH_USER_PATHS = NO;
				CLANG_ANALYZER_NONNULL = YES;
				CLANG_CXX_LANGUAGE_STANDARD = "gnu++0x";
				CLANG_CXX_LIBRARY = "libc++";
				CLANG_ENABLE_MODULES = YES;
				CLANG_ENABLE_OBJC_ARC = YES;
				CLANG_WARN_BOOL_CONVERSION = YES;
				CLANG_WARN_CONSTANT_CONVERSION = YES;
				CLANG_WARN_DIRECT_OBJC_ISA_USAGE = YES_ERROR;
				CLANG_WARN_EMPTY_BODY = YES;
				CLANG_WARN_ENUM_CONVERSION = YES;
				CLANG_WARN_INT_CONVERSION = YES;
				CLANG_WARN_OBJC_ROOT_CLASS = YES_ERROR;
				CLANG_WARN_UNREACHABLE_CODE = YES;
				CLANG_WARN__DUPLICATE_METHOD_MATCH = YES;
				"CODE_SIGN_IDENTITY[sdk=iphoneos*]" = "iPhone Developer";
				COPY_PHASE_STRIP = NO;
				DEBUG_INFORMATION_FORMAT = dwarf;
				ENABLE_STRICT_OBJC_MSGSEND = YES;
				ENABLE_TESTABILITY = YES;
				GCC_C_LANGUAGE_STANDARD = gnu99;
				GCC_DYNAMIC_NO_PIC = NO;
				GCC_NO_COMMON_BLOCKS = YES;
				GCC_OPTIMIZATION_LEVEL = 0;
				GCC_PREPROCESSOR_DEFINITIONS = (
					"DEBUG=1",
					"$(inherited)",
				);
				GCC_WARN_64_TO_32_BIT_CONVERSION = YES;
				GCC_WARN_ABOUT_RETURN_TYPE = YES_ERROR;
				GCC_WARN_UNDECLARED_SELECTOR = YES;
				GCC_WARN_UNINITIALIZED_AUTOS = YES_AGGRESSIVE;
				GCC_WARN_UNUSED_FUNCTION = YES;
				GCC_WARN_UNUSED_VARIABLE = YES;
				IPHONEOS_DEPLOYMENT_TARGET = 9.2;
				MTL_ENABLE_DEBUG_INFO = YES;
				ONLY_ACTIVE_ARCH = YES;
				SDKROOT = iphoneos;
				SWIFT_OPTIMIZATION_LEVEL = "-Onone";
			};
			name = Debug;
		};
		AE8BCD091D9ED3AE001EA696 /* Release */ = {
			isa = XCBuildConfiguration;
			buildSettings = {
				ALWAYS_SEARCH_USER_PATHS = NO;
				CLANG_ANALYZER_NONNULL = YES;
				CLANG_CXX_LANGUAGE_STANDARD = "gnu++0x";
				CLANG_CXX_LIBRARY = "libc++";
				CLANG_ENABLE_MODULES = YES;
				CLANG_ENABLE_OBJC_ARC = YES;
				CLANG_WARN_BOOL_CONVERSION = YES;
				CLANG_WARN_CONSTANT_CONVERSION = YES;
				CLANG_WARN_DIRECT_OBJC_ISA_USAGE = YES_ERROR;
				CLANG_WARN_EMPTY_BODY = YES;
				CLANG_WARN_ENUM_CONVERSION = YES;
				CLANG_WARN_INT_CONVERSION = YES;
				CLANG_WARN_OBJC_ROOT_CLASS = YES_ERROR;
				CLANG_WARN_UNREACHABLE_CODE = YES;
				CLANG_WARN__DUPLICATE_METHOD_MATCH = YES;
				"CODE_SIGN_IDENTITY[sdk=iphoneos*]" = "iPhone Developer";
				COPY_PHASE_STRIP = NO;
				DEBUG_INFORMATION_FORMAT = "dwarf-with-dsym";
				ENABLE_NS_ASSERTIONS = NO;
				ENABLE_STRICT_OBJC_MSGSEND = YES;
				GCC_C_LANGUAGE_STANDARD = gnu99;
				GCC_NO_COMMON_BLOCKS = YES;
				GCC_WARN_64_TO_32_BIT_CONVERSION = YES;
				GCC_WARN_ABOUT_RETURN_TYPE = YES_ERROR;
				GCC_WARN_UNDECLARED_SELECTOR = YES;
				GCC_WARN_UNINITIALIZED_AUTOS = YES_AGGRESSIVE;
				GCC_WARN_UNUSED_FUNCTION = YES;
				GCC_WARN_UNUSED_VARIABLE = YES;
				IPHONEOS_DEPLOYMENT_TARGET = 9.2;
				MTL_ENABLE_DEBUG_INFO = NO;
				SDKROOT = iphoneos;
				VALIDATE_PRODUCT = YES;
			};
			name = Release;
		};
		AE8BCD0B1D9ED3AE001EA696 /* Debug */ = {
			isa = XCBuildConfiguration;
			buildSettings = {
				ASSETCATALOG_COMPILER_APPICON_NAME = AppIcon;
				INFOPLIST_FILE = UnitTest/Info.plist;
				IPHONEOS_DEPLOYMENT_TARGET = 9.2;
				LD_RUNPATH_SEARCH_PATHS = "$(inherited) @executable_path/Frameworks";
				PRODUCT_BUNDLE_IDENTIFIER = io.pivotal.UnitTest;
				PRODUCT_NAME = "$(TARGET_NAME)";
				SWIFT_VERSION = 2.3;
			};
			name = Debug;
		};
		AE8BCD0C1D9ED3AE001EA696 /* Release */ = {
			isa = XCBuildConfiguration;
			buildSettings = {
				ASSETCATALOG_COMPILER_APPICON_NAME = AppIcon;
				INFOPLIST_FILE = UnitTest/Info.plist;
				IPHONEOS_DEPLOYMENT_TARGET = 9.2;
				LD_RUNPATH_SEARCH_PATHS = "$(inherited) @executable_path/Frameworks";
				PRODUCT_BUNDLE_IDENTIFIER = io.pivotal.UnitTest;
				PRODUCT_NAME = "$(TARGET_NAME)";
				SWIFT_VERSION = 2.3;
			};
			name = Release;
		};
		AE8BCD0E1D9ED3AE001EA696 /* Debug */ = {
			isa = XCBuildConfiguration;
			buildSettings = {
				BUNDLE_LOADER = "$(TEST_HOST)";
				INFOPLIST_FILE = UnitTestTests/Info.plist;
				LD_RUNPATH_SEARCH_PATHS = "$(inherited) @executable_path/Frameworks @loader_path/Frameworks";
				PRODUCT_BUNDLE_IDENTIFIER = io.pivotal.UnitTestTests;
				PRODUCT_NAME = "$(TARGET_NAME)";
				SWIFT_VERSION = 2.3;
				TEST_HOST = "$(BUILT_PRODUCTS_DIR)/UnitTest.app/UnitTest";
			};
			name = Debug;
		};
		AE8BCD0F1D9ED3AE001EA696 /* Release */ = {
			isa = XCBuildConfiguration;
			buildSettings = {
				BUNDLE_LOADER = "$(TEST_HOST)";
				INFOPLIST_FILE = UnitTestTests/Info.plist;
				LD_RUNPATH_SEARCH_PATHS = "$(inherited) @executable_path/Frameworks @loader_path/Frameworks";
				PRODUCT_BUNDLE_IDENTIFIER = io.pivotal.UnitTestTests;
				PRODUCT_NAME = "$(TARGET_NAME)";
				SWIFT_VERSION = 2.3;
				TEST_HOST = "$(BUILT_PRODUCTS_DIR)/UnitTest.app/UnitTest";
			};
			name = Release;
		};
		AEE1B9581D9EE3AA00EE2FCC /* Debug */ = {
			isa = XCBuildConfiguration;
			buildSettings = {
				INFOPLIST_FILE = UnitTestUITests/Info.plist;
				LD_RUNPATH_SEARCH_PATHS = "$(inherited) @executable_path/Frameworks @loader_path/Frameworks";
				PRODUCT_BUNDLE_IDENTIFIER = io.pivotal.UnitTestUITests;
				PRODUCT_NAME = "$(TARGET_NAME)";
				SWIFT_VERSION = 2.3;
				TEST_TARGET_NAME = UnitTest;
			};
			name = Debug;
		};
		AEE1B9591D9EE3AA00EE2FCC /* Release */ = {
			isa = XCBuildConfiguration;
			buildSettings = {
				INFOPLIST_FILE = UnitTestUITests/Info.plist;
				LD_RUNPATH_SEARCH_PATHS = "$(inherited) @executable_path/Frameworks @loader_path/Frameworks";
				PRODUCT_BUNDLE_IDENTIFIER = io.pivotal.UnitTestUITests;
				PRODUCT_NAME = "$(TARGET_NAME)";
				SWIFT_VERSION = 2.3;
				TEST_TARGET_NAME = UnitTest;
			};
			name = Release;
		};
/* End XCBuildConfiguration section */

/* Begin XCConfigurationList section */
		AE8BCCE81D9ED3AE001EA696 /* Build configuration list for PBXProject "UnitTest" */ = {
			isa = XCConfigurationList;
			buildConfigurations = (
				AE8BCD081D9ED3AE001EA696 /* Debug */,
				AE8BCD091D9ED3AE001EA696 /* Release */,
			);
			defaultConfigurationIsVisible = 0;
			defaultConfigurationName = Release;
		};
		AE8BCD0A1D9ED3AE001EA696 /* Build configuration list for PBXNativeTarget "UnitTest" */ = {
			isa = XCConfigurationList;
			buildConfigurations = (
				AE8BCD0B1D9ED3AE001EA696 /* Debug */,
				AE8BCD0C1D9ED3AE001EA696 /* Release */,
			);
			defaultConfigurationIsVisible = 0;
			defaultConfigurationName = Release;
		};
		AE8BCD0D1D9ED3AE001EA696 /* Build configuration list for PBXNativeTarget "UnitTestTests" */ = {
			isa = XCConfigurationList;
			buildConfigurations = (
				AE8BCD0E1D9ED3AE001EA696 /* Debug */,
				AE8BCD0F1D9ED3AE001EA696 /* Release */,
			);
			defaultConfigurationIsVisible = 0;
			defaultConfigurationName = Release;
		};
		AEE1B95A1D9EE3AA00EE2FCC /* Build configuration list for PBXNativeTarget "UnitTestUITests" */ = {
			isa = XCConfigurationList;
			buildConfigurations = (
				AEE1B9581D9EE3AA00EE2FCC /* Debug */,
				AEE1B9591D9EE3AA00EE2FCC /* Release */,
			);
			defaultConfigurationIsVisible = 0;
			defaultConfigurationName = Release;
		};
/* End XCConfigurationList section */
	};
	rootObject = AE8BCCE51D9ED3AE001EA696 /* Project object */;
}
